
Microsoft Visual Studio Solution File, Format Version 12.00
# Visual Studio Version 17
VisualStudioVersion = 17.0.31903.59
MinimumVisualStudioVersion = 10.0.40219.1
Project("{FAE04EC0-301F-11D3-BF4B-00C04F79EFBC}") = "Palindrome", "Palindrome\Palindrome.csproj", "{A5F5BE9C-C03B-4DCE-93A4-F97811309ED4}"
EndProject
Project("{FAE04EC0-301F-11D3-BF4B-00C04F79EFBC}") = "ZigzagConversion", "..\ZigzagConversion\ZigzagConversion.csproj", "{33BF350C-5466-45A2-B7A2-25CF3D5C0841}"
EndProject
Global
	GlobalSection(SolutionConfigurationPlatforms) = preSolution
		Debug|Any CPU = Debug|Any CPU
		Release|Any CPU = Release|Any CPU
	EndGlobalSection
	GlobalSection(SolutionProperties) = preSolution
		HideSolutionNode = FALSE
	EndGlobalSection
	GlobalSection(ProjectConfigurationPlatforms) = postSolution
		{A5F5BE9C-C03B-4DCE-93A4-F97811309ED4}.Debug|Any CPU.ActiveCfg = Debug|Any CPU
		{A5F5BE9C-C03B-4DCE-93A4-F97811309ED4}.Debug|Any CPU.Build.0 = Debug|Any CPU
		{A5F5BE9C-C03B-4DCE-93A4-F97811309ED4}.Release|Any CPU.ActiveCfg = Release|Any CPU
		{A5F5BE9C-C03B-4DCE-93A4-F97811309ED4}.Release|Any CPU.Build.0 = Release|Any CPU
		{33BF350C-5466-45A2-B7A2-25CF3D5C0841}.Debug|Any CPU.ActiveCfg = Debug|Any CPU
		{33BF350C-5466-45A2-B7A2-25CF3D5C0841}.Debug|Any CPU.Build.0 = Debug|Any CPU
		{33BF350C-5466-45A2-B7A2-25CF3D5C0841}.Release|Any CPU.ActiveCfg = Release|Any CPU
		{33BF350C-5466-45A2-B7A2-25CF3D5C0841}.Release|Any CPU.Build.0 = Release|Any CPU
	EndGlobalSection
EndGlobal
